// !$*UTF8*$!
{
	archiveVersion = 1;
	classes = {
	};
	objectVersion = 56;
	objects = {

/* Begin PBXBuildFile section */
		CEC5098D2A276DB50076F4BE /* AppDelegate.swift in Sources */ = {isa = PBXBuildFile; fileRef = CEC5098C2A276DB50076F4BE /* AppDelegate.swift */; };
		CEC5098F2A276DB50076F4BE /* SceneDelegate.swift in Sources */ = {isa = PBXBuildFile; fileRef = CEC5098E2A276DB50076F4BE /* SceneDelegate.swift */; };
		CEC509912A276DB50076F4BE /* ViewController.swift in Sources */ = {isa = PBXBuildFile; fileRef = CEC509902A276DB50076F4BE /* ViewController.swift */; };
		CEC509942A276DB50076F4BE /* Main.storyboard in Resources */ = {isa = PBXBuildFile; fileRef = CEC509922A276DB50076F4BE /* Main.storyboard */; };
		CEC509962A276DB60076F4BE /* Assets.xcassets in Resources */ = {isa = PBXBuildFile; fileRef = CEC509952A276DB60076F4BE /* Assets.xcassets */; };
		CEC509992A276DB60076F4BE /* LaunchScreen.storyboard in Resources */ = {isa = PBXBuildFile; fileRef = CEC509972A276DB60076F4BE /* LaunchScreen.storyboard */; };
		CEC509A22A2772610076F4BE /* TutoriallViewController.swift in Sources */ = {isa = PBXBuildFile; fileRef = CEC509A12A2772610076F4BE /* TutoriallViewController.swift */; };
		CEC509A52A2778B00076F4BE /* ItemSection1CollectionViewCell.swift in Sources */ = {isa = PBXBuildFile; fileRef = CEC509A32A2778B00076F4BE /* ItemSection1CollectionViewCell.swift */; };
		CEC509A62A2778B00076F4BE /* ItemSection1CollectionViewCell.xib in Resources */ = {isa = PBXBuildFile; fileRef = CEC509A42A2778B00076F4BE /* ItemSection1CollectionViewCell.xib */; };
/* End PBXBuildFile section */

/* Begin PBXFileReference section */
		CEC509892A276DB50076F4BE /* UICollectionView.app */ = {isa = PBXFileReference; explicitFileType = wrapper.application; includeInIndex = 0; path = UICollectionView.app; sourceTree = BUILT_PRODUCTS_DIR; };
		CEC5098C2A276DB50076F4BE /* AppDelegate.swift */ = {isa = PBXFileReference; lastKnownFileType = sourcecode.swift; path = AppDelegate.swift; sourceTree = "<group>"; };
		CEC5098E2A276DB50076F4BE /* SceneDelegate.swift */ = {isa = PBXFileReference; lastKnownFileType = sourcecode.swift; path = SceneDelegate.swift; sourceTree = "<group>"; };
		CEC509902A276DB50076F4BE /* ViewController.swift */ = {isa = PBXFileReference; lastKnownFileType = sourcecode.swift; path = ViewController.swift; sourceTree = "<group>"; };
		CEC509932A276DB50076F4BE /* Base */ = {isa = PBXFileReference; lastKnownFileType = file.storyboard; name = Base; path = Base.lproj/Main.storyboard; sourceTree = "<group>"; };
		CEC509952A276DB60076F4BE /* Assets.xcassets */ = {isa = PBXFileReference; lastKnownFileType = folder.assetcatalog; path = Assets.xcassets; sourceTree = "<group>"; };
		CEC509982A276DB60076F4BE /* Base */ = {isa = PBXFileReference; lastKnownFileType = file.storyboard; name = Base; path = Base.lproj/LaunchScreen.storyboard; sourceTree = "<group>"; };
		CEC5099A2A276DB60076F4BE /* Info.plist */ = {isa = PBXFileReference; lastKnownFileType = text.plist.xml; path = Info.plist; sourceTree = "<group>"; };
		CEC509A12A2772610076F4BE /* TutoriallViewController.swift */ = {isa = PBXFileReference; lastKnownFileType = sourcecode.swift; path = TutoriallViewController.swift; sourceTree = "<group>"; };
		CEC509A32A2778B00076F4BE /* ItemSection1CollectionViewCell.swift */ = {isa = PBXFileReference; lastKnownFileType = sourcecode.swift; path = ItemSection1CollectionViewCell.swift; sourceTree = "<group>"; };
		CEC509A42A2778B00076F4BE /* ItemSection1CollectionViewCell.xib */ = {isa = PBXFileReference; lastKnownFileType = file.xib; path = ItemSection1CollectionViewCell.xib; sourceTree = "<group>"; };
/* End PBXFileReference section */

/* Begin PBXFrameworksBuildPhase section */
		CEC509862A276DB50076F4BE /* Frameworks */ = {
			isa = PBXFrameworksBuildPhase;
			buildActionMask = 2147483647;
			files = (
			);
			runOnlyForDeploymentPostprocessing = 0;
		};
/* End PBXFrameworksBuildPhase section */

/* Begin PBXGroup section */
		CEC509802A276DB50076F4BE = {
			isa = PBXGroup;
			children = (
				CEC5098B2A276DB50076F4BE /* UICollectionView */,
				CEC5098A2A276DB50076F4BE /* Products */,
			);
			sourceTree = "<group>";
		};
		CEC5098A2A276DB50076F4BE /* Products */ = {
			isa = PBXGroup;
			children = (
				CEC509892A276DB50076F4BE /* UICollectionView.app */,
			);
			name = Products;
			sourceTree = "<group>";
		};
		CEC5098B2A276DB50076F4BE /* UICollectionView */ = {
			isa = PBXGroup;
			children = (
				CEC509A02A276DBC0076F4BE /* cellfile */,
				CEC5098C2A276DB50076F4BE /* AppDelegate.swift */,
				CEC5098E2A276DB50076F4BE /* SceneDelegate.swift */,
				CEC509902A276DB50076F4BE /* ViewController.swift */,
				CEC509922A276DB50076F4BE /* Main.storyboard */,
				CEC509952A276DB60076F4BE /* Assets.xcassets */,
				CEC509972A276DB60076F4BE /* LaunchScreen.storyboard */,
				CEC5099A2A276DB60076F4BE /* Info.plist */,
				CEC509A12A2772610076F4BE /* TutoriallViewController.swift */,
			);
			path = UICollectionView;
			sourceTree = "<group>";
		};
		CEC509A02A276DBC0076F4BE /* cellfile */ = {
			isa = PBXGroup;
			children = (
				CEC509A32A2778B00076F4BE /* ItemSection1CollectionViewCell.swift */,
				CEC509A42A2778B00076F4BE /* ItemSection1CollectionViewCell.xib */,
			);
			path = cellfile;
			sourceTree = "<group>";
		};
/* End PBXGroup section */

/* Begin PBXNativeTarget section */
		CEC509882A276DB50076F4BE /* UICollectionView */ = {
			isa = PBXNativeTarget;
			buildConfigurationList = CEC5099D2A276DB60076F4BE /* Build configuration list for PBXNativeTarget "UICollectionView" */;
			buildPhases = (
				CEC509852A276DB50076F4BE /* Sources */,
				CEC509862A276DB50076F4BE /* Frameworks */,
				CEC509872A276DB50076F4BE /* Resources */,
			);
			buildRules = (
			);
			dependencies = (
			);
			name = UICollectionView;
			productName = UICollectionView;
			productReference = CEC509892A276DB50076F4BE /* UICollectionView.app */;
			productType = "com.apple.product-type.application";
		};
/* End PBXNativeTarget section */

/* Begin PBXProject section */
		CEC509812A276DB50076F4BE /* Project object */ = {
			isa = PBXProject;
			attributes = {
				BuildIndependentTargetsInParallel = 1;
				LastSwiftUpdateCheck = 1420;
				LastUpgradeCheck = 1420;
				TargetAttributes = {
					CEC509882A276DB50076F4BE = {
						CreatedOnToolsVersion = 14.2;
					};
				};
			};
			buildConfigurationList = CEC509842A276DB50076F4BE /* Build configuration list for PBXProject "UICollectionView" */;
			compatibilityVersion = "Xcode 14.0";
			developmentRegion = en;
			hasScannedForEncodings = 0;
			knownRegions = (
				en,
				Base,
			);
			mainGroup = CEC509802A276DB50076F4BE;
			productRefGroup = CEC5098A2A276DB50076F4BE /* Products */;
			projectDirPath = "";
			projectRoot = "";
			targets = (
				CEC509882A276DB50076F4BE /* UICollectionView */,
			);
		};
/* End PBXProject section */

/* Begin PBXResourcesBuildPhase section */
		CEC509872A276DB50076F4BE /* Resources */ = {
			isa = PBXResourcesBuildPhase;
			buildActionMask = 2147483647;
			files = (
				CEC509992A276DB60076F4BE /* LaunchScreen.storyboard in Resources */,
				CEC509962A276DB60076F4BE /* Assets.xcassets in Resources */,
				CEC509942A276DB50076F4BE /* Main.storyboard in Resources */,
				CEC509A62A2778B00076F4BE /* ItemSection1CollectionViewCell.xib in Resources */,
			);
			runOnlyForDeploymentPostprocessing = 0;
		};
/* End PBXResourcesBuildPhase section */

/* Begin PBXSourcesBuildPhase section */
		CEC509852A276DB50076F4BE /* Sources */ = {
			isa = PBXSourcesBuildPhase;
			buildActionMask = 2147483647;
			files = (
				CEC509912A276DB50076F4BE /* ViewController.swift in Sources */,
				CEC509A52A2778B00076F4BE /* ItemSection1CollectionViewCell.swift in Sources */,
				CEC5098D2A276DB50076F4BE /* AppDelegate.swift in Sources */,
				CEC5098F2A276DB50076F4BE /* SceneDelegate.swift in Sources */,
				CEC509A22A2772610076F4BE /* TutoriallViewController.swift in Sources */,
			);
			runOnlyForDeploymentPostprocessing = 0;
		};
/* End PBXSourcesBuildPhase section */

/* Begin PBXVariantGroup section */
		CEC509922A276DB50076F4BE /* Main.storyboard */ = {
			isa = PBXVariantGroup;
			children = (
				CEC509932A276DB50076F4BE /* Base */,
			);
			name = Main.storyboard;
			sourceTree = "<group>";
		};
		CEC509972A276DB60076F4BE /* LaunchScreen.storyboard */ = {
			isa = PBXVariantGroup;
			children = (
				CEC509982A276DB60076F4BE /* Base */,
			);
			name = LaunchScreen.storyboard;
			sourceTree = "<group>";
		};
/* End PBXVariantGroup section */

/* Begin XCBuildConfiguration section */
		CEC5099B2A276DB60076F4BE /* Debug */ = {
			isa = XCBuildConfiguration;
			buildSettings = {
				ALWAYS_SEARCH_USER_PATHS = NO;
				CLANG_ANALYZER_NONNULL = YES;
				CLANG_ANALYZER_NUMBER_OBJECT_CONVERSION = YES_AGGRESSIVE;
				CLANG_CXX_LANGUAGE_STANDARD = "gnu++20";
				CLANG_ENABLE_MODULES = YES;
				CLANG_ENABLE_OBJC_ARC = YES;
				CLANG_ENABLE_OBJC_WEAK = YES;
				CLANG_WARN_BLOCK_CAPTURE_AUTORELEASING = YES;
				CLANG_WARN_BOOL_CONVERSION = YES;
				CLANG_WARN_COMMA = YES;
				CLANG_WARN_CONSTANT_CONVERSION = YES;
				CLANG_WARN_DEPRECATED_OBJC_IMPLEMENTATIONS = YES;
				CLANG_WARN_DIRECT_OBJC_ISA_USAGE = YES_ERROR;
				CLANG_WARN_DOCUMENTATION_COMMENTS = YES;
				CLANG_WARN_EMPTY_BODY = YES;
				CLANG_WARN_ENUM_CONVERSION = YES;
				CLANG_WARN_INFINITE_RECURSION = YES;
				CLANG_WARN_INT_CONVERSION = YES;
				CLANG_WARN_NON_LITERAL_NULL_CONVERSION = YES;
				CLANG_WARN_OBJC_IMPLICIT_RETAIN_SELF = YES;
				CLANG_WARN_OBJC_LITERAL_CONVERSION = YES;
				CLANG_WARN_OBJC_ROOT_CLASS = YES_ERROR;
				CLANG_WARN_QUOTED_INCLUDE_IN_FRAMEWORK_HEADER = YES;
				CLANG_WARN_RANGE_LOOP_ANALYSIS = YES;
				CLANG_WARN_STRICT_PROTOTYPES = YES;
				CLANG_WARN_SUSPICIOUS_MOVE = YES;
				CLANG_WARN_UNGUARDED_AVAILABILITY = YES_AGGRESSIVE;
				CLANG_WARN_UNREACHABLE_CODE = YES;
				CLANG_WARN__DUPLICATE_METHOD_MATCH = YES;
				COPY_PHASE_STRIP = NO;
				DEBUG_INFORMATION_FORMAT = dwarf;
				ENABLE_STRICT_OBJC_MSGSEND = YES;
				ENABLE_TESTABILITY = YES;
				GCC_C_LANGUAGE_STANDARD = gnu11;
				GCC_DYNAMIC_NO_PIC = NO;
				GCC_NO_COMMON_BLOCKS = YES;
				GCC_OPTIMIZATION_LEVEL = 0;
				GCC_PREPROCESSOR_DEFINITIONS = (
					"DEBUG=1",
					"$(inherited)",
				);
				GCC_WARN_64_TO_32_BIT_CONVERSION = YES;
				GCC_WARN_ABOUT_RETURN_TYPE = YES_ERROR;
				GCC_WARN_UNDECLARED_SELECTOR = YES;
				GCC_WARN_UNINITIALIZED_AUTOS = YES_AGGRESSIVE;
				GCC_WARN_UNUSED_FUNCTION = YES;
				GCC_WARN_UNUSED_VARIABLE = YES;
				IPHONEOS_DEPLOYMENT_TARGET = 16.2;
				MTL_ENABLE_DEBUG_INFO = INCLUDE_SOURCE;
				MTL_FAST_MATH = YES;
				ONLY_ACTIVE_ARCH = YES;
				SDKROOT = iphoneos;
				SWIFT_ACTIVE_COMPILATION_CONDITIONS = DEBUG;
				SWIFT_OPTIMIZATION_LEVEL = "-Onone";
			};
			name = Debug;
		};
		CEC5099C2A276DB60076F4BE /* Release */ = {
			isa = XCBuildConfiguration;
			buildSettings = {
				ALWAYS_SEARCH_USER_PATHS = NO;
				CLANG_ANALYZER_NONNULL = YES;
				CLANG_ANALYZER_NUMBER_OBJECT_CONVERSION = YES_AGGRESSIVE;
				CLANG_CXX_LANGUAGE_STANDARD = "gnu++20";
				CLANG_ENABLE_MODULES = YES;
				CLANG_ENABLE_OBJC_ARC = YES;
				CLANG_ENABLE_OBJC_WEAK = YES;
				CLANG_WARN_BLOCK_CAPTURE_AUTORELEASING = YES;
				CLANG_WARN_BOOL_CONVERSION = YES;
				CLANG_WARN_COMMA = YES;
				CLANG_WARN_CONSTANT_CONVERSION = YES;
				CLANG_WARN_DEPRECATED_OBJC_IMPLEMENTATIONS = YES;
				CLANG_WARN_DIRECT_OBJC_ISA_USAGE = YES_ERROR;
				CLANG_WARN_DOCUMENTATION_COMMENTS = YES;
				CLANG_WARN_EMPTY_BODY = YES;
				CLANG_WARN_ENUM_CONVERSION = YES;
				CLANG_WARN_INFINITE_RECURSION = YES;
				CLANG_WARN_INT_CONVERSION = YES;
				CLANG_WARN_NON_LITERAL_NULL_CONVERSION = YES;
				CLANG_WARN_OBJC_IMPLICIT_RETAIN_SELF = YES;
				CLANG_WARN_OBJC_LITERAL_CONVERSION = YES;
				CLANG_WARN_OBJC_ROOT_CLASS = YES_ERROR;
				CLANG_WARN_QUOTED_INCLUDE_IN_FRAMEWORK_HEADER = YES;
				CLANG_WARN_RANGE_LOOP_ANALYSIS = YES;
				CLANG_WARN_STRICT_PROTOTYPES = YES;
				CLANG_WARN_SUSPICIOUS_MOVE = YES;
				CLANG_WARN_UNGUARDED_AVAILABILITY = YES_AGGRESSIVE;
				CLANG_WARN_UNREACHABLE_CODE = YES;
				CLANG_WARN__DUPLICATE_METHOD_MATCH = YES;
				COPY_PHASE_STRIP = NO;
				DEBUG_INFORMATION_FORMAT = "dwarf-with-dsym";
				ENABLE_NS_ASSERTIONS = NO;
				ENABLE_STRICT_OBJC_MSGSEND = YES;
				GCC_C_LANGUAGE_STANDARD = gnu11;
				GCC_NO_COMMON_BLOCKS = YES;
				GCC_WARN_64_TO_32_BIT_CONVERSION = YES;
				GCC_WARN_ABOUT_RETURN_TYPE = YES_ERROR;
				GCC_WARN_UNDECLARED_SELECTOR = YES;
				GCC_WARN_UNINITIALIZED_AUTOS = YES_AGGRESSIVE;
				GCC_WARN_UNUSED_FUNCTION = YES;
				GCC_WARN_UNUSED_VARIABLE = YES;
				IPHONEOS_DEPLOYMENT_TARGET = 16.2;
				MTL_ENABLE_DEBUG_INFO = NO;
				MTL_FAST_MATH = YES;
				SDKROOT = iphoneos;
				SWIFT_COMPILATION_MODE = wholemodule;
				SWIFT_OPTIMIZATION_LEVEL = "-O";
				VALIDATE_PRODUCT = YES;
			};
			name = Release;
		};
		CEC5099E2A276DB60076F4BE /* Debug */ = {
			isa = XCBuildConfiguration;
			buildSettings = {
				ASSETCATALOG_COMPILER_APPICON_NAME = AppIcon;
				ASSETCATALOG_COMPILER_GLOBAL_ACCENT_COLOR_NAME = AccentColor;
				CODE_SIGN_STYLE = Automatic;
				CURRENT_PROJECT_VERSION = 1;
				GENERATE_INFOPLIST_FILE = YES;
				INFOPLIST_FILE = UICollectionView/Info.plist;
				INFOPLIST_KEY_UIApplicationSupportsIndirectInputEvents = YES;
				INFOPLIST_KEY_UILaunchStoryboardName = LaunchScreen;
				INFOPLIST_KEY_UIMainStoryboardFile = Main;
				INFOPLIST_KEY_UISupportedInterfaceOrientations_iPad = "UIInterfaceOrientationPortrait UIInterfaceOrientationPortraitUpsideDown UIInterfaceOrientationLandscapeLeft UIInterfaceOrientationLandscapeRight";
				INFOPLIST_KEY_UISupportedInterfaceOrientations_iPhone = "UIInterfaceOrientationPortrait UIInterfaceOrientationLandscapeLeft UIInterfaceOrientationLandscapeRight";
				LD_RUNPATH_SEARCH_PATHS = (
					"$(inherited)",
					"@executable_path/Frameworks",
				);
				MARKETING_VERSION = 1.0;
				PRODUCT_BUNDLE_IDENTIFIER = vien.dang.UICollectionView;
				PRODUCT_NAME = "$(TARGET_NAME)";
				SWIFT_EMIT_LOC_STRINGS = YES;
				SWIFT_VERSION = 5.0;
				TARGETED_DEVICE_FAMILY = "1,2";
			};
			name = Debug;
		};
		CEC5099F2A276DB60076F4BE /* Release */ = {
			isa = XCBuildConfiguration;
			buildSettings = {
				ASSETCATALOG_COMPILER_APPICON_NAME = AppIcon;
				ASSETCATALOG_COMPILER_GLOBAL_ACCENT_COLOR_NAME = AccentColor;
				CODE_SIGN_STYLE = Automatic;
				CURRENT_PROJECT_VERSION = 1;
				GENERATE_INFOPLIST_FILE = YES;
				INFOPLIST_FILE = UICollectionView/Info.plist;
				INFOPLIST_KEY_UIApplicationSupportsIndirectInputEvents = YES;
				INFOPLIST_KEY_UILaunchStoryboardName = LaunchScreen;
				INFOPLIST_KEY_UIMainStoryboardFile = Main;
				INFOPLIST_KEY_UISupportedInterfaceOrientations_iPad = "UIInterfaceOrientationPortrait UIInterfaceOrientationPortraitUpsideDown UIInterfaceOrientationLandscapeLeft UIInterfaceOrientationLandscapeRight";
				INFOPLIST_KEY_UISupportedInterfaceOrientations_iPhone = "UIInterfaceOrientationPortrait UIInterfaceOrientationLandscapeLeft UIInterfaceOrientationLandscapeRight";
				LD_RUNPATH_SEARCH_PATHS = (
					"$(inherited)",
					"@executable_path/Frameworks",
				);
				MARKETING_VERSION = 1.0;
				PRODUCT_BUNDLE_IDENTIFIER = vien.dang.UICollectionView;
				PRODUCT_NAME = "$(TARGET_NAME)";
				SWIFT_EMIT_LOC_STRINGS = YES;
				SWIFT_VERSION = 5.0;
				TARGETED_DEVICE_FAMILY = "1,2";
			};
			name = Release;
		};
/* End XCBuildConfiguration section */

/* Begin XCConfigurationList section */
		CEC509842A276DB50076F4BE /* Build configuration list for PBXProject "UICollectionView" */ = {
			isa = XCConfigurationList;
			buildConfigurations = (
				CEC5099B2A276DB60076F4BE /* Debug */,
				CEC5099C2A276DB60076F4BE /* Release */,
			);
			defaultConfigurationIsVisible = 0;
			defaultConfigurationName = Release;
		};
		CEC5099D2A276DB60076F4BE /* Build configuration list for PBXNativeTarget "UICollectionView" */ = {
			isa = XCConfigurationList;
			buildConfigurations = (
				CEC5099E2A276DB60076F4BE /* Debug */,
				CEC5099F2A276DB60076F4BE /* Release */,
			);
			defaultConfigurationIsVisible = 0;
			defaultConfigurationName = Release;
		};
/* End XCConfigurationList section */
	};
	rootObject = CEC509812A276DB50076F4BE /* Project object */;
}
